github.com/jhonghee/d v1.4.0 h1:Y0TZe+D7yb2jyRVgPRWEyWZxyQUzM2ITlwTJZWeCzV4=
github.com/jhonghee/d v1.4.0/go.mod h1:3TiRv+XZ40A96i6eGRH8q9BwSVtSrJVnCv3vIGnjqxs=
github.com/jhonghee/e v1.2.0 h1:iKGBsCoyrNXykGbf/+l+8mMABliuOqqbLk4EHiQW1h4=
github.com/jhonghee/e v1.2.0/go.mod h1:pH7bsqpbiNg3yUqI26MT/hgHrcc1XkD9Kf10OPMDMco=
